{
  "name": "language-turtle",
  "version": "0.0.1",
  "lockfileVersion": 1,
  "requires": true,
  "dependencies": {
    "nan": {
      "version": "2.14.2",
      "resolved": "https://registry.npmjs.org/nan/-/nan-2.14.2.tgz",
      "integrity": "sha512-M2ufzIiINKCuDfBSAUr1vWQ+vuVcA9kqx8JJUsbQi6yf1uGRyb7HfpdfUr5qLXf3B/t8dPvcjhKMmlfnP47EzQ=="
    },
    "tree-sitter-turtle": {
      "version": "0.0.2",
      "resolved": "https://registry.npmjs.org/tree-sitter-turtle/-/tree-sitter-turtle-0.0.2.tgz",
      "integrity": "sha512-ND3Q3OX6mqrq1JdcfLqcuF0Yd/ZDZwg7/N01SZwv+Swqu4DffyziSr6zdsbYUbmAIUTtVMfpAXByX+NLq29a8w==",
      "requires": {
        "nan": "^2.14.2"
      }
    }
  }
}
